
Microsoft Visual Studio Solution File, Format Version 12.00
# Visual Studio Version 17
VisualStudioVersion = 17.13.35919.96 d17.13
MinimumVisualStudioVersion = 10.0.40219.1
Project("{FAE04EC0-301F-11D3-BF4B-00C04F79EFBC}") = "Detonator", "Detonator\Detonator.csproj", "{601C6964-FD5B-4040-8F59-674FE0E3FE8F}"
EndProject
Global
	GlobalSection(SolutionConfigurationPlatforms) = preSolution
		Debug|Any CPU = Debug|Any CPU
		Release|Any CPU = Release|Any CPU
	EndGlobalSection
	GlobalSection(ProjectConfigurationPlatforms) = postSolution
		{601C6964-FD5B-4040-8F59-674FE0E3FE8F}.Debug|Any CPU.ActiveCfg = Debug|Any CPU
		{601C6964-FD5B-4040-8F59-674FE0E3FE8F}.Debug|Any CPU.Build.0 = Debug|Any CPU
		{601C6964-FD5B-4040-8F59-674FE0E3FE8F}.Release|Any CPU.ActiveCfg = Release|Any CPU
		{601C6964-FD5B-4040-8F59-674FE0E3FE8F}.Release|Any CPU.Build.0 = Release|Any CPU
	EndGlobalSection
	GlobalSection(SolutionProperties) = preSolution
		HideSolutionNode = FALSE
	EndGlobalSection
	GlobalSection(ExtensibilityGlobals) = postSolution
		SolutionGuid = {46E696D7-5EA4-4E07-9E21-C971E45C9050}
	EndGlobalSection
EndGlobal
